github.com/zxxshaycormac/gocaesar v0.0.0-20201215140417-a95caa4c34f6 h1:bLNBPVZ+avH4jXKrNt+gznI83gUw76fdKa2EEAvL79U=
github.com/zxxshaycormac/gocaesar v0.0.0-20201215140417-a95caa4c34f6/go.mod h1:lIW0lZyjB4srT1dNNH3QIJT4fvCl38zskdPkGUjDluU=
github.com/zxxshaycormac/gocaesar v0.0.0-20201215150501-bba1c838bb12 h1:DQ+O+zw0ub5g9gWYlBAJnRFvIkuTlFwtiBxu5wpA5x8=
